
Microsoft Visual Studio Solution File, Format Version 12.00
# Visual Studio 15
VisualStudioVersion = 15.0.28010.2026
MinimumVisualStudioVersion = 10.0.40219.1
Project("{FAE04EC0-301F-11D3-BF4B-00C04F79EFBC}") = "CustomsWareQ1andQ2", "CustomsWareQ1andQ2\CustomsWareQ1andQ2.csproj", "{2984CAE3-7EE2-482B-ABD1-A13E7CD6B655}"
EndProject
Global
	GlobalSection(SolutionConfigurationPlatforms) = preSolution
		Debug|Any CPU = Debug|Any CPU
		Release|Any CPU = Release|Any CPU
	EndGlobalSection
	GlobalSection(ProjectConfigurationPlatforms) = postSolution
		{2984CAE3-7EE2-482B-ABD1-A13E7CD6B655}.Debug|Any CPU.ActiveCfg = Debug|Any CPU
		{2984CAE3-7EE2-482B-ABD1-A13E7CD6B655}.Debug|Any CPU.Build.0 = Debug|Any CPU
		{2984CAE3-7EE2-482B-ABD1-A13E7CD6B655}.Release|Any CPU.ActiveCfg = Release|Any CPU
		{2984CAE3-7EE2-482B-ABD1-A13E7CD6B655}.Release|Any CPU.Build.0 = Release|Any CPU
	EndGlobalSection
	GlobalSection(SolutionProperties) = preSolution
		HideSolutionNode = FALSE
	EndGlobalSection
	GlobalSection(ExtensibilityGlobals) = postSolution
		SolutionGuid = {DAA3A1CF-20EB-4831-AE5D-1EB9AF46868E}
	EndGlobalSection
EndGlobal
